
Microsoft Visual Studio Solution File, Format Version 12.00
# Visual Studio Version 17
VisualStudioVersion = 17.5.33424.131
MinimumVisualStudioVersion = 10.0.40219.1
Project("{8BC9CEB8-8B4A-11D0-8D11-00A0C91BC942}") = "ParadigmaOOP_2", "ParadigmaOOP_2\ParadigmaOOP_2.vcxproj", "{FF82616D-5407-4FDC-97FA-8CFC6FF1F853}"
EndProject
Project("{8BC9CEB8-8B4A-11D0-8D11-00A0C91BC942}") = "solveMultiwaris", "solveMultiwaris\solveMultiwaris.vcxproj", "{DAFDAA54-CB93-466B-81C8-BED301017671}"
EndProject
Project("{8BC9CEB8-8B4A-11D0-8D11-00A0C91BC942}") = "Polymorphism", "Polymorphism\Polymorphism.vcxproj", "{B37CDAE4-936B-4B0E-9DDA-A516706D4DC4}"
EndProject
Project("{8BC9CEB8-8B4A-11D0-8D11-00A0C91BC942}") = "Program_noOverriding", "Program_noOverriding\Program_noOverriding.vcxproj", "{0CB17705-E808-4BF2-904E-E5A97584BC20}"
EndProject
Global
	GlobalSection(SolutionConfigurationPlatforms) = preSolution
		Debug|x64 = Debug|x64
		Debug|x86 = Debug|x86
		Release|x64 = Release|x64
		Release|x86 = Release|x86
	EndGlobalSection
	GlobalSection(ProjectConfigurationPlatforms) = postSolution
		{FF82616D-5407-4FDC-97FA-8CFC6FF1F853}.Debug|x64.ActiveCfg = Debug|x64
		{FF82616D-5407-4FDC-97FA-8CFC6FF1F853}.Debug|x64.Build.0 = Debug|x64
		{FF82616D-5407-4FDC-97FA-8CFC6FF1F853}.Debug|x86.ActiveCfg = Debug|Win32
		{FF82616D-5407-4FDC-97FA-8CFC6FF1F853}.Debug|x86.Build.0 = Debug|Win32
		{FF82616D-5407-4FDC-97FA-8CFC6FF1F853}.Release|x64.ActiveCfg = Release|x64
		{FF82616D-5407-4FDC-97FA-8CFC6FF1F853}.Release|x64.Build.0 = Release|x64
		{FF82616D-5407-4FDC-97FA-8CFC6FF1F853}.Release|x86.ActiveCfg = Release|Win32
		{FF82616D-5407-4FDC-97FA-8CFC6FF1F853}.Release|x86.Build.0 = Release|Win32
		{DAFDAA54-CB93-466B-81C8-BED301017671}.Debug|x64.ActiveCfg = Debug|x64
		{DAFDAA54-CB93-466B-81C8-BED301017671}.Debug|x64.Build.0 = Debug|x64
		{DAFDAA54-CB93-466B-81C8-BED301017671}.Debug|x86.ActiveCfg = Debug|Win32
		{DAFDAA54-CB93-466B-81C8-BED301017671}.Debug|x86.Build.0 = Debug|Win32
		{DAFDAA54-CB93-466B-81C8-BED301017671}.Release|x64.ActiveCfg = Release|x64
		{DAFDAA54-CB93-466B-81C8-BED301017671}.Release|x64.Build.0 = Release|x64
		{DAFDAA54-CB93-466B-81C8-BED301017671}.Release|x86.ActiveCfg = Release|Win32
		{DAFDAA54-CB93-466B-81C8-BED301017671}.Release|x86.Build.0 = Release|Win32
		{B37CDAE4-936B-4B0E-9DDA-A516706D4DC4}.Debug|x64.ActiveCfg = Debug|x64
		{B37CDAE4-936B-4B0E-9DDA-A516706D4DC4}.Debug|x64.Build.0 = Debug|x64
		{B37CDAE4-936B-4B0E-9DDA-A516706D4DC4}.Debug|x86.ActiveCfg = Debug|Win32
		{B37CDAE4-936B-4B0E-9DDA-A516706D4DC4}.Debug|x86.Build.0 = Debug|Win32
		{B37CDAE4-936B-4B0E-9DDA-A516706D4DC4}.Release|x64.ActiveCfg = Release|x64
		{B37CDAE4-936B-4B0E-9DDA-A516706D4DC4}.Release|x64.Build.0 = Release|x64
		{B37CDAE4-936B-4B0E-9DDA-A516706D4DC4}.Release|x86.ActiveCfg = Release|Win32
		{B37CDAE4-936B-4B0E-9DDA-A516706D4DC4}.Release|x86.Build.0 = Release|Win32
		{0CB17705-E808-4BF2-904E-E5A97584BC20}.Debug|x64.ActiveCfg = Debug|x64
		{0CB17705-E808-4BF2-904E-E5A97584BC20}.Debug|x64.Build.0 = Debug|x64
		{0CB17705-E808-4BF2-904E-E5A97584BC20}.Debug|x86.ActiveCfg = Debug|Win32
		{0CB17705-E808-4BF2-904E-E5A97584BC20}.Debug|x86.Build.0 = Debug|Win32
		{0CB17705-E808-4BF2-904E-E5A97584BC20}.Release|x64.ActiveCfg = Release|x64
		{0CB17705-E808-4BF2-904E-E5A97584BC20}.Release|x64.Build.0 = Release|x64
		{0CB17705-E808-4BF2-904E-E5A97584BC20}.Release|x86.ActiveCfg = Release|Win32
		{0CB17705-E808-4BF2-904E-E5A97584BC20}.Release|x86.Build.0 = Release|Win32
	EndGlobalSection
	GlobalSection(SolutionProperties) = preSolution
		HideSolutionNode = FALSE
	EndGlobalSection
	GlobalSection(ExtensibilityGlobals) = postSolution
		SolutionGuid = {889A986A-1CEA-4A17-A426-A3496BCE1BB9}
	EndGlobalSection
EndGlobal
